// !$*UTF8*$!
{
	archiveVersion = 1;
	classes = {
	};
	objectVersion = 48;
	objects = {

/* Begin PBXBuildFile section */
		FA0C6D14206555C5002D8603 /* URLs.swift in Sources */ = {isa = PBXBuildFile; fileRef = FA0C6D13206555C5002D8603 /* URLs.swift */; };
		FA4B75CD2039A52900D6602A /* UserDefaults+Storage.swift in Sources */ = {isa = PBXBuildFile; fileRef = FA4B75CC2039A52900D6602A /* UserDefaults+Storage.swift */; };
		FA892DA51FEFC7280071BB3B /* AppDelegate.swift in Sources */ = {isa = PBXBuildFile; fileRef = FA892DA41FEFC7280071BB3B /* AppDelegate.swift */; };
		FA892DAA1FEFC7280071BB3B /* Main.storyboard in Resources */ = {isa = PBXBuildFile; fileRef = FA892DA81FEFC7280071BB3B /* Main.storyboard */; };
		FA892DAC1FEFC7280071BB3B /* Assets.xcassets in Resources */ = {isa = PBXBuildFile; fileRef = FA892DAB1FEFC7280071BB3B /* Assets.xcassets */; };
		FA892DAF1FEFC7280071BB3B /* LaunchScreen.storyboard in Resources */ = {isa = PBXBuildFile; fileRef = FA892DAD1FEFC7280071BB3B /* LaunchScreen.storyboard */; };
		FA892DB81FEFC8920071BB3B /* Extensions.swift in Sources */ = {isa = PBXBuildFile; fileRef = FA892DB71FEFC8920071BB3B /* Extensions.swift */; };
		FA892DBA1FEFC9B80071BB3B /* BabypiPlayerViewController.swift in Sources */ = {isa = PBXBuildFile; fileRef = FA892DB91FEFC9B80071BB3B /* BabypiPlayerViewController.swift */; };
		FA892DBC1FEFD37F0071BB3B /* NMSSH.framework in Frameworks */ = {isa = PBXBuildFile; fileRef = FA892DBB1FEFD37F0071BB3B /* NMSSH.framework */; };
		FA892DBF1FEFD3C50071BB3B /* CFNetwork.framework in Frameworks */ = {isa = PBXBuildFile; fileRef = FA892DBE1FEFD3C40071BB3B /* CFNetwork.framework */; };
		FA892DC11FEFD42E0071BB3B /* libz.tbd in Frameworks */ = {isa = PBXBuildFile; fileRef = FA892DC01FEFD42E0071BB3B /* libz.tbd */; };
		FA892DC41FEFD6A10071BB3B /* SSHService.swift in Sources */ = {isa = PBXBuildFile; fileRef = FA892DC31FEFD6A10071BB3B /* SSHService.swift */; };
		FA9F56B12038A5B6003EED21 /* CommandTableViewCell.swift in Sources */ = {isa = PBXBuildFile; fileRef = FA9F56AF2038A5B6003EED21 /* CommandTableViewCell.swift */; };
		FA9F56B22038A5B6003EED21 /* CommandTableViewCell.xib in Resources */ = {isa = PBXBuildFile; fileRef = FA9F56B02038A5B6003EED21 /* CommandTableViewCell.xib */; };
		FADDBF262039A296005A99AF /* SettingsTableViewController.swift in Sources */ = {isa = PBXBuildFile; fileRef = FADDBF252039A296005A99AF /* SettingsTableViewController.swift */; };
		FAE61E9F1FF3DABC00553EA2 /* UnixResponse.swift in Sources */ = {isa = PBXBuildFile; fileRef = FAE61E9E1FF3DABC00553EA2 /* UnixResponse.swift */; };
		FAE61EA11FF3DC8C00553EA2 /* Command.swift in Sources */ = {isa = PBXBuildFile; fileRef = FAE61EA01FF3DC8C00553EA2 /* Command.swift */; };
		FAE61EA31FF3DCB100553EA2 /* Result.swift in Sources */ = {isa = PBXBuildFile; fileRef = FAE61EA21FF3DCB100553EA2 /* Result.swift */; };
		FAE61EA61FF3DEC000553EA2 /* BabypiTableViewController.swift in Sources */ = {isa = PBXBuildFile; fileRef = FAE61EA51FF3DEC000553EA2 /* BabypiTableViewController.swift */; };
		FAE61EAB1FF3E08900553EA2 /* PlayerView.swift in Sources */ = {isa = PBXBuildFile; fileRef = FAE61EAA1FF3E08900553EA2 /* PlayerView.swift */; };
		FAE61EB31FF3F10E00553EA2 /* SensorData.swift in Sources */ = {isa = PBXBuildFile; fileRef = FAE61EB21FF3F10E00553EA2 /* SensorData.swift */; };
		FAE61EB71FF3F5CA00553EA2 /* SensorTableViewCell.swift in Sources */ = {isa = PBXBuildFile; fileRef = FAE61EB61FF3F5CA00553EA2 /* SensorTableViewCell.swift */; };
		FAE61EB91FF3F6A600553EA2 /* SensorTableViewCell.xib in Resources */ = {isa = PBXBuildFile; fileRef = FAE61EB81FF3F6A600553EA2 /* SensorTableViewCell.xib */; };
		FAEBD87A2062875C00CAC886 /* Networking.swift in Sources */ = {isa = PBXBuildFile; fileRef = FAEBD8792062875C00CAC886 /* Networking.swift */; };
		FAEBD87C20628AEA00CAC886 /* BabypiViewModel.swift in Sources */ = {isa = PBXBuildFile; fileRef = FAEBD87B20628AEA00CAC886 /* BabypiViewModel.swift */; };
/* End PBXBuildFile section */

/* Begin PBXFileReference section */
		FA0C6D13206555C5002D8603 /* URLs.swift */ = {isa = PBXFileReference; lastKnownFileType = sourcecode.swift; path = URLs.swift; sourceTree = "<group>"; };
		FA4B75CC2039A52900D6602A /* UserDefaults+Storage.swift */ = {isa = PBXFileReference; lastKnownFileType = sourcecode.swift; path = "UserDefaults+Storage.swift"; sourceTree = "<group>"; };
		FA892DA11FEFC7280071BB3B /* Babypi.app */ = {isa = PBXFileReference; explicitFileType = wrapper.application; includeInIndex = 0; path = Babypi.app; sourceTree = BUILT_PRODUCTS_DIR; };
		FA892DA41FEFC7280071BB3B /* AppDelegate.swift */ = {isa = PBXFileReference; lastKnownFileType = sourcecode.swift; path = AppDelegate.swift; sourceTree = "<group>"; };
		FA892DA91FEFC7280071BB3B /* Base */ = {isa = PBXFileReference; lastKnownFileType = file.storyboard; name = Base; path = Base.lproj/Main.storyboard; sourceTree = "<group>"; };
		FA892DAB1FEFC7280071BB3B /* Assets.xcassets */ = {isa = PBXFileReference; lastKnownFileType = folder.assetcatalog; path = Assets.xcassets; sourceTree = "<group>"; };
		FA892DAE1FEFC7280071BB3B /* Base */ = {isa = PBXFileReference; lastKnownFileType = file.storyboard; name = Base; path = Base.lproj/LaunchScreen.storyboard; sourceTree = "<group>"; };
		FA892DB01FEFC7280071BB3B /* Info.plist */ = {isa = PBXFileReference; lastKnownFileType = text.plist.xml; path = Info.plist; sourceTree = "<group>"; };
		FA892DB71FEFC8920071BB3B /* Extensions.swift */ = {isa = PBXFileReference; lastKnownFileType = sourcecode.swift; path = Extensions.swift; sourceTree = "<group>"; };
		FA892DB91FEFC9B80071BB3B /* BabypiPlayerViewController.swift */ = {isa = PBXFileReference; lastKnownFileType = sourcecode.swift; path = BabypiPlayerViewController.swift; sourceTree = "<group>"; };
		FA892DBB1FEFD37F0071BB3B /* NMSSH.framework */ = {isa = PBXFileReference; lastKnownFileType = wrapper.framework; path = NMSSH.framework; sourceTree = "<group>"; };
		FA892DBE1FEFD3C40071BB3B /* CFNetwork.framework */ = {isa = PBXFileReference; lastKnownFileType = wrapper.framework; name = CFNetwork.framework; path = System/Library/Frameworks/CFNetwork.framework; sourceTree = SDKROOT; };
		FA892DC01FEFD42E0071BB3B /* libz.tbd */ = {isa = PBXFileReference; lastKnownFileType = "sourcecode.text-based-dylib-definition"; name = libz.tbd; path = usr/lib/libz.tbd; sourceTree = SDKROOT; };
		FA892DC21FEFD4800071BB3B /* Babypi-Bridging-Header..h */ = {isa = PBXFileReference; lastKnownFileType = sourcecode.c.h; path = "Babypi-Bridging-Header..h"; sourceTree = "<group>"; };
		FA892DC31FEFD6A10071BB3B /* SSHService.swift */ = {isa = PBXFileReference; lastKnownFileType = sourcecode.swift; path = SSHService.swift; sourceTree = "<group>"; };
		FA9F56AF2038A5B6003EED21 /* CommandTableViewCell.swift */ = {isa = PBXFileReference; lastKnownFileType = sourcecode.swift; path = CommandTableViewCell.swift; sourceTree = "<group>"; };
		FA9F56B02038A5B6003EED21 /* CommandTableViewCell.xib */ = {isa = PBXFileReference; lastKnownFileType = file.xib; path = CommandTableViewCell.xib; sourceTree = "<group>"; };
		FADDBF252039A296005A99AF /* SettingsTableViewController.swift */ = {isa = PBXFileReference; lastKnownFileType = sourcecode.swift; path = SettingsTableViewController.swift; sourceTree = "<group>"; };
		FAE61E9E1FF3DABC00553EA2 /* UnixResponse.swift */ = {isa = PBXFileReference; lastKnownFileType = sourcecode.swift; path = UnixResponse.swift; sourceTree = "<group>"; };
		FAE61EA01FF3DC8C00553EA2 /* Command.swift */ = {isa = PBXFileReference; lastKnownFileType = sourcecode.swift; path = Command.swift; sourceTree = "<group>"; };
		FAE61EA21FF3DCB100553EA2 /* Result.swift */ = {isa = PBXFileReference; lastKnownFileType = sourcecode.swift; path = Result.swift; sourceTree = "<group>"; };
		FAE61EA51FF3DEC000553EA2 /* BabypiTableViewController.swift */ = {isa = PBXFileReference; lastKnownFileType = sourcecode.swift; path = BabypiTableViewController.swift; sourceTree = "<group>"; };
		FAE61EAA1FF3E08900553EA2 /* PlayerView.swift */ = {isa = PBXFileReference; lastKnownFileType = sourcecode.swift; path = PlayerView.swift; sourceTree = "<group>"; };
		FAE61EB21FF3F10E00553EA2 /* SensorData.swift */ = {isa = PBXFileReference; lastKnownFileType = sourcecode.swift; path = SensorData.swift; sourceTree = "<group>"; };
		FAE61EB61FF3F5CA00553EA2 /* SensorTableViewCell.swift */ = {isa = PBXFileReference; lastKnownFileType = sourcecode.swift; path = SensorTableViewCell.swift; sourceTree = "<group>"; };
		FAE61EB81FF3F6A600553EA2 /* SensorTableViewCell.xib */ = {isa = PBXFileReference; fileEncoding = 4; lastKnownFileType = file.xib; path = SensorTableViewCell.xib; sourceTree = "<group>"; };
		FAEBD8792062875C00CAC886 /* Networking.swift */ = {isa = PBXFileReference; lastKnownFileType = sourcecode.swift; path = Networking.swift; sourceTree = "<group>"; };
		FAEBD87B20628AEA00CAC886 /* BabypiViewModel.swift */ = {isa = PBXFileReference; lastKnownFileType = sourcecode.swift; path = BabypiViewModel.swift; sourceTree = "<group>"; };
		FAEF8948211F02F100DF32CB /* Babypi.entitlements */ = {isa = PBXFileReference; lastKnownFileType = text.plist.entitlements; path = Babypi.entitlements; sourceTree = "<group>"; };
/* End PBXFileReference section */

/* Begin PBXFrameworksBuildPhase section */
		FA892D9E1FEFC7280071BB3B /* Frameworks */ = {
			isa = PBXFrameworksBuildPhase;
			buildActionMask = 2147483647;
			files = (
				FA892DC11FEFD42E0071BB3B /* libz.tbd in Frameworks */,
				FA892DBF1FEFD3C50071BB3B /* CFNetwork.framework in Frameworks */,
				FA892DBC1FEFD37F0071BB3B /* NMSSH.framework in Frameworks */,
			);
			runOnlyForDeploymentPostprocessing = 0;
		};
/* End PBXFrameworksBuildPhase section */

/* Begin PBXGroup section */
		FA892D981FEFC7280071BB3B = {
			isa = PBXGroup;
			children = (
				FA892DA31FEFC7280071BB3B /* Babypi */,
				FA892DA21FEFC7280071BB3B /* Products */,
				FA892DBD1FEFD3C40071BB3B /* Frameworks */,
			);
			sourceTree = "<group>";
		};
		FA892DA21FEFC7280071BB3B /* Products */ = {
			isa = PBXGroup;
			children = (
				FA892DA11FEFC7280071BB3B /* Babypi.app */,
			);
			name = Products;
			sourceTree = "<group>";
		};
		FA892DA31FEFC7280071BB3B /* Babypi */ = {
			isa = PBXGroup;
			children = (
				FAEF8948211F02F100DF32CB /* Babypi.entitlements */,
				FAE61EA71FF3DFD500553EA2 /* view */,
				FAE61EA41FF3DEB200553EA2 /* controller */,
				FA892DC21FEFD4800071BB3B /* Babypi-Bridging-Header..h */,
				FA892DB61FEFC88B0071BB3B /* model */,
				FA892DA41FEFC7280071BB3B /* AppDelegate.swift */,
				FA892DA81FEFC7280071BB3B /* Main.storyboard */,
				FA892DAB1FEFC7280071BB3B /* Assets.xcassets */,
				FA892DAD1FEFC7280071BB3B /* LaunchScreen.storyboard */,
				FA892DB01FEFC7280071BB3B /* Info.plist */,
				FA892DB91FEFC9B80071BB3B /* BabypiPlayerViewController.swift */,
			);
			path = Babypi;
			sourceTree = "<group>";
		};
		FA892DB61FEFC88B0071BB3B /* model */ = {
			isa = PBXGroup;
			children = (
				FAEBD8782062874500CAC886 /* ssh */,
				FAE61EA21FF3DCB100553EA2 /* Result.swift */,
				FA892DB71FEFC8920071BB3B /* Extensions.swift */,
				FAE61EB21FF3F10E00553EA2 /* SensorData.swift */,
				FA4B75CC2039A52900D6602A /* UserDefaults+Storage.swift */,
				FAEBD8792062875C00CAC886 /* Networking.swift */,
				FAEBD87B20628AEA00CAC886 /* BabypiViewModel.swift */,
				FA0C6D13206555C5002D8603 /* URLs.swift */,
			);
			path = model;
			sourceTree = "<group>";
		};
		FA892DBD1FEFD3C40071BB3B /* Frameworks */ = {
			isa = PBXGroup;
			children = (
				FA892DC01FEFD42E0071BB3B /* libz.tbd */,
				FA892DBB1FEFD37F0071BB3B /* NMSSH.framework */,
				FA892DBE1FEFD3C40071BB3B /* CFNetwork.framework */,
			);
			name = Frameworks;
			sourceTree = "<group>";
		};
		FAE61EA41FF3DEB200553EA2 /* controller */ = {
			isa = PBXGroup;
			children = (
				FAE61EA51FF3DEC000553EA2 /* BabypiTableViewController.swift */,
				FADDBF252039A296005A99AF /* SettingsTableViewController.swift */,
			);
			path = controller;
			sourceTree = "<group>";
		};
		FAE61EA71FF3DFD500553EA2 /* view */ = {
			isa = PBXGroup;
			children = (
				FAE61EB81FF3F6A600553EA2 /* SensorTableViewCell.xib */,
				FAE61EAA1FF3E08900553EA2 /* PlayerView.swift */,
				FAE61EB61FF3F5CA00553EA2 /* SensorTableViewCell.swift */,
				FA9F56AF2038A5B6003EED21 /* CommandTableViewCell.swift */,
				FA9F56B02038A5B6003EED21 /* CommandTableViewCell.xib */,
			);
			path = view;
			sourceTree = "<group>";
		};
		FAEBD8782062874500CAC886 /* ssh */ = {
			isa = PBXGroup;
			children = (
				FA892DC31FEFD6A10071BB3B /* SSHService.swift */,
				FAE61E9E1FF3DABC00553EA2 /* UnixResponse.swift */,
				FAE61EA01FF3DC8C00553EA2 /* Command.swift */,
			);
			path = ssh;
			sourceTree = "<group>";
		};
/* End PBXGroup section */

/* Begin PBXNativeTarget section */
		FA892DA01FEFC7280071BB3B /* Babypi */ = {
			isa = PBXNativeTarget;
			buildConfigurationList = FA892DB31FEFC7280071BB3B /* Build configuration list for PBXNativeTarget "Babypi" */;
			buildPhases = (
				FA892D9D1FEFC7280071BB3B /* Sources */,
				FA892D9E1FEFC7280071BB3B /* Frameworks */,
				FA892D9F1FEFC7280071BB3B /* Resources */,
			);
			buildRules = (
			);
			dependencies = (
			);
			name = Babypi;
			productName = Babypi;
			productReference = FA892DA11FEFC7280071BB3B /* Babypi.app */;
			productType = "com.apple.product-type.application";
		};
/* End PBXNativeTarget section */

/* Begin PBXProject section */
		FA892D991FEFC7280071BB3B /* Project object */ = {
			isa = PBXProject;
			attributes = {
				LastSwiftUpdateCheck = 0920;
				LastUpgradeCheck = 0920;
				ORGANIZATIONNAME = "Alexander Dobrynin";
				TargetAttributes = {
					FA892DA01FEFC7280071BB3B = {
						CreatedOnToolsVersion = 9.2;
						ProvisioningStyle = Automatic;
						SystemCapabilities = {
							com.apple.Push = {
								enabled = 1;
							};
						};
					};
				};
			};
			buildConfigurationList = FA892D9C1FEFC7280071BB3B /* Build configuration list for PBXProject "Babypi" */;
			compatibilityVersion = "Xcode 8.0";
			developmentRegion = en;
			hasScannedForEncodings = 0;
			knownRegions = (
				en,
				Base,
			);
			mainGroup = FA892D981FEFC7280071BB3B;
			productRefGroup = FA892DA21FEFC7280071BB3B /* Products */;
			projectDirPath = "";
			projectRoot = "";
			targets = (
				FA892DA01FEFC7280071BB3B /* Babypi */,
			);
		};
/* End PBXProject section */

/* Begin PBXResourcesBuildPhase section */
		FA892D9F1FEFC7280071BB3B /* Resources */ = {
			isa = PBXResourcesBuildPhase;
			buildActionMask = 2147483647;
			files = (
				FA892DAF1FEFC7280071BB3B /* LaunchScreen.storyboard in Resources */,
				FAE61EB91FF3F6A600553EA2 /* SensorTableViewCell.xib in Resources */,
				FA892DAC1FEFC7280071BB3B /* Assets.xcassets in Resources */,
				FA892DAA1FEFC7280071BB3B /* Main.storyboard in Resources */,
				FA9F56B22038A5B6003EED21 /* CommandTableViewCell.xib in Resources */,
			);
			runOnlyForDeploymentPostprocessing = 0;
		};
/* End PBXResourcesBuildPhase section */

/* Begin PBXSourcesBuildPhase section */
		FA892D9D1FEFC7280071BB3B /* Sources */ = {
			isa = PBXSourcesBuildPhase;
			buildActionMask = 2147483647;
			files = (
				FAE61EA61FF3DEC000553EA2 /* BabypiTableViewController.swift in Sources */,
				FADDBF262039A296005A99AF /* SettingsTableViewController.swift in Sources */,
				FA892DBA1FEFC9B80071BB3B /* BabypiPlayerViewController.swift in Sources */,
				FA0C6D14206555C5002D8603 /* URLs.swift in Sources */,
				FAEBD87C20628AEA00CAC886 /* BabypiViewModel.swift in Sources */,
				FAE61EAB1FF3E08900553EA2 /* PlayerView.swift in Sources */,
				FA892DB81FEFC8920071BB3B /* Extensions.swift in Sources */,
				FA892DC41FEFD6A10071BB3B /* SSHService.swift in Sources */,
				FAEBD87A2062875C00CAC886 /* Networking.swift in Sources */,
				FAE61EB31FF3F10E00553EA2 /* SensorData.swift in Sources */,
				FAE61E9F1FF3DABC00553EA2 /* UnixResponse.swift in Sources */,
				FA4B75CD2039A52900D6602A /* UserDefaults+Storage.swift in Sources */,
				FAE61EA31FF3DCB100553EA2 /* Result.swift in Sources */,
				FA892DA51FEFC7280071BB3B /* AppDelegate.swift in Sources */,
				FAE61EB71FF3F5CA00553EA2 /* SensorTableViewCell.swift in Sources */,
				FAE61EA11FF3DC8C00553EA2 /* Command.swift in Sources */,
				FA9F56B12038A5B6003EED21 /* CommandTableViewCell.swift in Sources */,
			);
			runOnlyForDeploymentPostprocessing = 0;
		};
/* End PBXSourcesBuildPhase section */

/* Begin PBXVariantGroup section */
		FA892DA81FEFC7280071BB3B /* Main.storyboard */ = {
			isa = PBXVariantGroup;
			children = (
				FA892DA91FEFC7280071BB3B /* Base */,
			);
			name = Main.storyboard;
			sourceTree = "<group>";
		};
		FA892DAD1FEFC7280071BB3B /* LaunchScreen.storyboard */ = {
			isa = PBXVariantGroup;
			children = (
				FA892DAE1FEFC7280071BB3B /* Base */,
			);
			name = LaunchScreen.storyboard;
			sourceTree = "<group>";
		};
/* End PBXVariantGroup section */

/* Begin XCBuildConfiguration section */
		FA892DB11FEFC7280071BB3B /* Debug */ = {
			isa = XCBuildConfiguration;
			buildSettings = {
				ALWAYS_SEARCH_USER_PATHS = NO;
				CLANG_ANALYZER_NONNULL = YES;
				CLANG_ANALYZER_NUMBER_OBJECT_CONVERSION = YES_AGGRESSIVE;
				CLANG_CXX_LANGUAGE_STANDARD = "gnu++14";
				CLANG_CXX_LIBRARY = "libc++";
				CLANG_ENABLE_MODULES = YES;
				CLANG_ENABLE_OBJC_ARC = YES;
				CLANG_WARN_BLOCK_CAPTURE_AUTORELEASING = YES;
				CLANG_WARN_BOOL_CONVERSION = YES;
				CLANG_WARN_COMMA = YES;
				CLANG_WARN_CONSTANT_CONVERSION = YES;
				CLANG_WARN_DIRECT_OBJC_ISA_USAGE = YES_ERROR;
				CLANG_WARN_DOCUMENTATION_COMMENTS = YES;
				CLANG_WARN_EMPTY_BODY = YES;
				CLANG_WARN_ENUM_CONVERSION = YES;
				CLANG_WARN_INFINITE_RECURSION = YES;
				CLANG_WARN_INT_CONVERSION = YES;
				CLANG_WARN_NON_LITERAL_NULL_CONVERSION = YES;
				CLANG_WARN_OBJC_LITERAL_CONVERSION = YES;
				CLANG_WARN_OBJC_ROOT_CLASS = YES_ERROR;
				CLANG_WARN_RANGE_LOOP_ANALYSIS = YES;
				CLANG_WARN_STRICT_PROTOTYPES = YES;
				CLANG_WARN_SUSPICIOUS_MOVE = YES;
				CLANG_WARN_UNGUARDED_AVAILABILITY = YES_AGGRESSIVE;
				CLANG_WARN_UNREACHABLE_CODE = YES;
				CLANG_WARN__DUPLICATE_METHOD_MATCH = YES;
				CODE_SIGN_IDENTITY = "iPhone Developer";
				COPY_PHASE_STRIP = NO;
				DEBUG_INFORMATION_FORMAT = dwarf;
				ENABLE_STRICT_OBJC_MSGSEND = YES;
				ENABLE_TESTABILITY = YES;
				GCC_C_LANGUAGE_STANDARD = gnu11;
				GCC_DYNAMIC_NO_PIC = NO;
				GCC_NO_COMMON_BLOCKS = YES;
				GCC_OPTIMIZATION_LEVEL = 0;
				GCC_PREPROCESSOR_DEFINITIONS = (
					"DEBUG=1",
					"$(inherited)",
				);
				GCC_WARN_64_TO_32_BIT_CONVERSION = YES;
				GCC_WARN_ABOUT_RETURN_TYPE = YES_ERROR;
				GCC_WARN_UNDECLARED_SELECTOR = YES;
				GCC_WARN_UNINITIALIZED_AUTOS = YES_AGGRESSIVE;
				GCC_WARN_UNUSED_FUNCTION = YES;
				GCC_WARN_UNUSED_VARIABLE = YES;
				IPHONEOS_DEPLOYMENT_TARGET = 11.2;
				MTL_ENABLE_DEBUG_INFO = YES;
				ONLY_ACTIVE_ARCH = YES;
				SDKROOT = iphoneos;
				SWIFT_ACTIVE_COMPILATION_CONDITIONS = DEBUG;
				SWIFT_OPTIMIZATION_LEVEL = "-Onone";
			};
			name = Debug;
		};
		FA892DB21FEFC7280071BB3B /* Release */ = {
			isa = XCBuildConfiguration;
			buildSettings = {
				ALWAYS_SEARCH_USER_PATHS = NO;
				CLANG_ANALYZER_NONNULL = YES;
				CLANG_ANALYZER_NUMBER_OBJECT_CONVERSION = YES_AGGRESSIVE;
				CLANG_CXX_LANGUAGE_STANDARD = "gnu++14";
				CLANG_CXX_LIBRARY = "libc++";
				CLANG_ENABLE_MODULES = YES;
				CLANG_ENABLE_OBJC_ARC = YES;
				CLANG_WARN_BLOCK_CAPTURE_AUTORELEASING = YES;
				CLANG_WARN_BOOL_CONVERSION = YES;
				CLANG_WARN_COMMA = YES;
				CLANG_WARN_CONSTANT_CONVERSION = YES;
				CLANG_WARN_DIRECT_OBJC_ISA_USAGE = YES_ERROR;
				CLANG_WARN_DOCUMENTATION_COMMENTS = YES;
				CLANG_WARN_EMPTY_BODY = YES;
				CLANG_WARN_ENUM_CONVERSION = YES;
				CLANG_WARN_INFINITE_RECURSION = YES;
				CLANG_WARN_INT_CONVERSION = YES;
				CLANG_WARN_NON_LITERAL_NULL_CONVERSION = YES;
				CLANG_WARN_OBJC_LITERAL_CONVERSION = YES;
				CLANG_WARN_OBJC_ROOT_CLASS = YES_ERROR;
				CLANG_WARN_RANGE_LOOP_ANALYSIS = YES;
				CLANG_WARN_STRICT_PROTOTYPES = YES;
				CLANG_WARN_SUSPICIOUS_MOVE = YES;
				CLANG_WARN_UNGUARDED_AVAILABILITY = YES_AGGRESSIVE;
				CLANG_WARN_UNREACHABLE_CODE = YES;
				CLANG_WARN__DUPLICATE_METHOD_MATCH = YES;
				CODE_SIGN_IDENTITY = "iPhone Developer";
				COPY_PHASE_STRIP = NO;
				DEBUG_INFORMATION_FORMAT = "dwarf-with-dsym";
				ENABLE_NS_ASSERTIONS = NO;
				ENABLE_STRICT_OBJC_MSGSEND = YES;
				GCC_C_LANGUAGE_STANDARD = gnu11;
				GCC_NO_COMMON_BLOCKS = YES;
				GCC_WARN_64_TO_32_BIT_CONVERSION = YES;
				GCC_WARN_ABOUT_RETURN_TYPE = YES_ERROR;
				GCC_WARN_UNDECLARED_SELECTOR = YES;
				GCC_WARN_UNINITIALIZED_AUTOS = YES_AGGRESSIVE;
				GCC_WARN_UNUSED_FUNCTION = YES;
				GCC_WARN_UNUSED_VARIABLE = YES;
				IPHONEOS_DEPLOYMENT_TARGET = 11.2;
				MTL_ENABLE_DEBUG_INFO = NO;
				SDKROOT = iphoneos;
				SWIFT_OPTIMIZATION_LEVEL = "-Owholemodule";
				VALIDATE_PRODUCT = YES;
			};
			name = Release;
		};
		FA892DB41FEFC7280071BB3B /* Debug */ = {
			isa = XCBuildConfiguration;
			buildSettings = {
				ASSETCATALOG_COMPILER_APPICON_NAME = AppIcon;
				CODE_SIGN_ENTITLEMENTS = Babypi/Babypi.entitlements;
				CODE_SIGN_STYLE = Automatic;
				DEVELOPMENT_TEAM = 669L8KT4V8;
				FRAMEWORK_SEARCH_PATHS = (
					"$(inherited)",
					"$(PROJECT_DIR)",
				);
				INFOPLIST_FILE = Babypi/Info.plist;
				LD_RUNPATH_SEARCH_PATHS = "$(inherited) @executable_path/Frameworks";
				PRODUCT_BUNDLE_IDENTIFIER = "com.alex-dobrynin.iOS.Babypi";
				PRODUCT_NAME = "$(TARGET_NAME)";
				SWIFT_OBJC_BRIDGING_HEADER = "/Users/Alex/Developer/Babypi/iOS App/Babypi/Babypi-Bridging-Header..h";
				SWIFT_VERSION = 4.0;
				TARGETED_DEVICE_FAMILY = "1,2";
			};
			name = Debug;
		};
		FA892DB51FEFC7280071BB3B /* Release */ = {
			isa = XCBuildConfiguration;
			buildSettings = {
				ASSETCATALOG_COMPILER_APPICON_NAME = AppIcon;
				CODE_SIGN_ENTITLEMENTS = Babypi/Babypi.entitlements;
				CODE_SIGN_STYLE = Automatic;
				DEVELOPMENT_TEAM = 669L8KT4V8;
				FRAMEWORK_SEARCH_PATHS = (
					"$(inherited)",
					"$(PROJECT_DIR)",
				);
				INFOPLIST_FILE = Babypi/Info.plist;
				LD_RUNPATH_SEARCH_PATHS = "$(inherited) @executable_path/Frameworks";
				PRODUCT_BUNDLE_IDENTIFIER = "com.alex-dobrynin.iOS.Babypi";
				PRODUCT_NAME = "$(TARGET_NAME)";
				SWIFT_OBJC_BRIDGING_HEADER = "/Users/Alex/Developer/Babypi/iOS App/Babypi/Babypi-Bridging-Header..h";
				SWIFT_VERSION = 4.0;
				TARGETED_DEVICE_FAMILY = "1,2";
			};
			name = Release;
		};
/* End XCBuildConfiguration section */

/* Begin XCConfigurationList section */
		FA892D9C1FEFC7280071BB3B /* Build configuration list for PBXProject "Babypi" */ = {
			isa = XCConfigurationList;
			buildConfigurations = (
				FA892DB11FEFC7280071BB3B /* Debug */,
				FA892DB21FEFC7280071BB3B /* Release */,
			);
			defaultConfigurationIsVisible = 0;
			defaultConfigurationName = Release;
		};
		FA892DB31FEFC7280071BB3B /* Build configuration list for PBXNativeTarget "Babypi" */ = {
			isa = XCConfigurationList;
			buildConfigurations = (
				FA892DB41FEFC7280071BB3B /* Debug */,
				FA892DB51FEFC7280071BB3B /* Release */,
			);
			defaultConfigurationIsVisible = 0;
			defaultConfigurationName = Release;
		};
/* End XCConfigurationList section */
	};
	rootObject = FA892D991FEFC7280071BB3B /* Project object */;
}
